
Microsoft Visual Studio Solution File, Format Version 12.00
# Visual Studio Version 16
VisualStudioVersion = 16.0.31515.178
MinimumVisualStudioVersion = 10.0.40219.1
Project("{FAE04EC0-301F-11D3-BF4B-00C04F79EFBC}") = "AwesomeGymLive.API", "AwesomeGymLive.API\AwesomeGymLive.API.csproj", "{D720F3B9-8ACD-41BF-88F4-2A7019FB292A}"
EndProject
Project("{FAE04EC0-301F-11D3-BF4B-00C04F79EFBC}") = "AwesomeGymLive.Application", "AwesomeGymLive.Application\AwesomeGymLive.Application.csproj", "{02020241-F3A8-4653-AB52-C0EDC7D77BA0}"
EndProject
Project("{FAE04EC0-301F-11D3-BF4B-00C04F79EFBC}") = "AwesomeGymLive.Domain", "AwesomeGymLive.Domain\AwesomeGymLive.Domain.csproj", "{81A761DE-5B29-4238-89A0-2258A50C9126}"
EndProject
Global
	GlobalSection(SolutionConfigurationPlatforms) = preSolution
		Debug|Any CPU = Debug|Any CPU
		Release|Any CPU = Release|Any CPU
	EndGlobalSection
	GlobalSection(ProjectConfigurationPlatforms) = postSolution
		{D720F3B9-8ACD-41BF-88F4-2A7019FB292A}.Debug|Any CPU.ActiveCfg = Debug|Any CPU
		{D720F3B9-8ACD-41BF-88F4-2A7019FB292A}.Debug|Any CPU.Build.0 = Debug|Any CPU
		{D720F3B9-8ACD-41BF-88F4-2A7019FB292A}.Release|Any CPU.ActiveCfg = Release|Any CPU
		{D720F3B9-8ACD-41BF-88F4-2A7019FB292A}.Release|Any CPU.Build.0 = Release|Any CPU
		{02020241-F3A8-4653-AB52-C0EDC7D77BA0}.Debug|Any CPU.ActiveCfg = Debug|Any CPU
		{02020241-F3A8-4653-AB52-C0EDC7D77BA0}.Debug|Any CPU.Build.0 = Debug|Any CPU
		{02020241-F3A8-4653-AB52-C0EDC7D77BA0}.Release|Any CPU.ActiveCfg = Release|Any CPU
		{02020241-F3A8-4653-AB52-C0EDC7D77BA0}.Release|Any CPU.Build.0 = Release|Any CPU
		{81A761DE-5B29-4238-89A0-2258A50C9126}.Debug|Any CPU.ActiveCfg = Debug|Any CPU
		{81A761DE-5B29-4238-89A0-2258A50C9126}.Debug|Any CPU.Build.0 = Debug|Any CPU
		{81A761DE-5B29-4238-89A0-2258A50C9126}.Release|Any CPU.ActiveCfg = Release|Any CPU
		{81A761DE-5B29-4238-89A0-2258A50C9126}.Release|Any CPU.Build.0 = Release|Any CPU
	EndGlobalSection
	GlobalSection(SolutionProperties) = preSolution
		HideSolutionNode = FALSE
	EndGlobalSection
	GlobalSection(ExtensibilityGlobals) = postSolution
		SolutionGuid = {0E6D27C4-D538-4303-BDE4-CB35ECE32F7A}
	EndGlobalSection
EndGlobal
